// !$*UTF8*$!
{
	archiveVersion = 1;
	classes = {
	};
	objectVersion = 55;
	objects = {

/* Begin PBXBuildFile section */
		8B0535B828902D0B00226CEA /* OnboardingContainerViewController.swift in Sources */ = {isa = PBXBuildFile; fileRef = 8B0535B728902D0B00226CEA /* OnboardingContainerViewController.swift */; };
		8B0535C0289037A900226CEA /* OnboardingViewController.swift in Sources */ = {isa = PBXBuildFile; fileRef = 8B0535BF289037A900226CEA /* OnboardingViewController.swift */; };
		8B0535C22890789A00226CEA /* DummyViewController.swift in Sources */ = {isa = PBXBuildFile; fileRef = 8B0535C12890789A00226CEA /* DummyViewController.swift */; };
		8B0535C5289081E500226CEA /* LocalState.swift in Sources */ = {isa = PBXBuildFile; fileRef = 8B0535C4289081E500226CEA /* LocalState.swift */; };
		8B0535C72890888300226CEA /* UIViewController+Utils.swift in Sources */ = {isa = PBXBuildFile; fileRef = 8B0535C62890888300226CEA /* UIViewController+Utils.swift */; };
		8B0535C928908B3400226CEA /* MainViewController.swift in Sources */ = {isa = PBXBuildFile; fileRef = 8B0535C828908B3400226CEA /* MainViewController.swift */; };
		8B32E01728918E6A00DAF5D9 /* AccountSummaryCell.swift in Sources */ = {isa = PBXBuildFile; fileRef = 8B32E01628918E6A00DAF5D9 /* AccountSummaryCell.swift */; };
		8B32E0192892C3E200DAF5D9 /* Decimal+Utils.swift in Sources */ = {isa = PBXBuildFile; fileRef = 8B32E0182892C3E200DAF5D9 /* Decimal+Utils.swift */; };
		8B32E01B2892C44000DAF5D9 /* CurrencyFormatter.swift in Sources */ = {isa = PBXBuildFile; fileRef = 8B32E01A2892C44000DAF5D9 /* CurrencyFormatter.swift */; };
		8B32E02A2892D4EE00DAF5D9 /* CurrencyFormaterTests.swift in Sources */ = {isa = PBXBuildFile; fileRef = 8B32E0292892D4EE00DAF5D9 /* CurrencyFormaterTests.swift */; };
		8B32E02C2892E20500DAF5D9 /* NSNotificationName.swift in Sources */ = {isa = PBXBuildFile; fileRef = 8B32E02B2892E20500DAF5D9 /* NSNotificationName.swift */; };
		8B32E02E2892E3EF00DAF5D9 /* UITextField+SecureToggle.swift in Sources */ = {isa = PBXBuildFile; fileRef = 8B32E02D2892E3EF00DAF5D9 /* UITextField+SecureToggle.swift */; };
		8B69B246288F45EF00BA400C /* AppDelegate.swift in Sources */ = {isa = PBXBuildFile; fileRef = 8B69B245288F45EF00BA400C /* AppDelegate.swift */; };
		8B69B24A288F45EF00BA400C /* LoginViewController.swift in Sources */ = {isa = PBXBuildFile; fileRef = 8B69B249288F45EF00BA400C /* LoginViewController.swift */; };
		8B69B24F288F45F000BA400C /* Assets.xcassets in Resources */ = {isa = PBXBuildFile; fileRef = 8B69B24E288F45F000BA400C /* Assets.xcassets */; };
		8B69B252288F45F000BA400C /* LaunchScreen.storyboard in Resources */ = {isa = PBXBuildFile; fileRef = 8B69B250288F45F000BA400C /* LaunchScreen.storyboard */; };
		8B69B25C288F495E00BA400C /* LoginView.swift in Sources */ = {isa = PBXBuildFile; fileRef = 8B69B25B288F495E00BA400C /* LoginView.swift */; };
		8BE51F1728917EFA00CBFCA4 /* AccountSummaryViewController.swift in Sources */ = {isa = PBXBuildFile; fileRef = 8BE51F1628917EFA00CBFCA4 /* AccountSummaryViewController.swift */; };
		8BE51F19289182C700CBFCA4 /* AccountSummaryHeaderView.swift in Sources */ = {isa = PBXBuildFile; fileRef = 8BE51F18289182C700CBFCA4 /* AccountSummaryHeaderView.swift */; };
		8BE51F1B2891830B00CBFCA4 /* AccountSummaryHeaderView.xib in Resources */ = {isa = PBXBuildFile; fileRef = 8BE51F1A2891830B00CBFCA4 /* AccountSummaryHeaderView.xib */; };
/* End PBXBuildFile section */

/* Begin PBXContainerItemProxy section */
		8B32E0242892D44E00DAF5D9 /* PBXContainerItemProxy */ = {
			isa = PBXContainerItemProxy;
			containerPortal = 8B69B23A288F45EF00BA400C /* Project object */;
			proxyType = 1;
			remoteGlobalIDString = 8B69B241288F45EF00BA400C;
			remoteInfo = Bankey;
		};
/* End PBXContainerItemProxy section */

/* Begin PBXFileReference section */
		8B0535B728902D0B00226CEA /* OnboardingContainerViewController.swift */ = {isa = PBXFileReference; lastKnownFileType = sourcecode.swift; path = OnboardingContainerViewController.swift; sourceTree = "<group>"; };
		8B0535BF289037A900226CEA /* OnboardingViewController.swift */ = {isa = PBXFileReference; lastKnownFileType = sourcecode.swift; path = OnboardingViewController.swift; sourceTree = "<group>"; };
		8B0535C12890789A00226CEA /* DummyViewController.swift */ = {isa = PBXFileReference; lastKnownFileType = sourcecode.swift; path = DummyViewController.swift; sourceTree = "<group>"; };
		8B0535C4289081E500226CEA /* LocalState.swift */ = {isa = PBXFileReference; lastKnownFileType = sourcecode.swift; path = LocalState.swift; sourceTree = "<group>"; };
		8B0535C62890888300226CEA /* UIViewController+Utils.swift */ = {isa = PBXFileReference; lastKnownFileType = sourcecode.swift; path = "UIViewController+Utils.swift"; sourceTree = "<group>"; };
		8B0535C828908B3400226CEA /* MainViewController.swift */ = {isa = PBXFileReference; lastKnownFileType = sourcecode.swift; path = MainViewController.swift; sourceTree = "<group>"; };
		8B32E01628918E6A00DAF5D9 /* AccountSummaryCell.swift */ = {isa = PBXFileReference; lastKnownFileType = sourcecode.swift; path = AccountSummaryCell.swift; sourceTree = "<group>"; };
		8B32E0182892C3E200DAF5D9 /* Decimal+Utils.swift */ = {isa = PBXFileReference; lastKnownFileType = sourcecode.swift; path = "Decimal+Utils.swift"; sourceTree = "<group>"; };
		8B32E01A2892C44000DAF5D9 /* CurrencyFormatter.swift */ = {isa = PBXFileReference; lastKnownFileType = sourcecode.swift; path = CurrencyFormatter.swift; sourceTree = "<group>"; };
		8B32E0202892D44E00DAF5D9 /* BankeyUnitTests.xctest */ = {isa = PBXFileReference; explicitFileType = wrapper.cfbundle; includeInIndex = 0; path = BankeyUnitTests.xctest; sourceTree = BUILT_PRODUCTS_DIR; };
		8B32E0292892D4EE00DAF5D9 /* CurrencyFormaterTests.swift */ = {isa = PBXFileReference; lastKnownFileType = sourcecode.swift; path = CurrencyFormaterTests.swift; sourceTree = "<group>"; };
		8B32E02B2892E20500DAF5D9 /* NSNotificationName.swift */ = {isa = PBXFileReference; lastKnownFileType = sourcecode.swift; path = NSNotificationName.swift; sourceTree = "<group>"; };
		8B32E02D2892E3EF00DAF5D9 /* UITextField+SecureToggle.swift */ = {isa = PBXFileReference; lastKnownFileType = sourcecode.swift; path = "UITextField+SecureToggle.swift"; sourceTree = "<group>"; };
		8B69B242288F45EF00BA400C /* Bankey.app */ = {isa = PBXFileReference; explicitFileType = wrapper.application; includeInIndex = 0; path = Bankey.app; sourceTree = BUILT_PRODUCTS_DIR; };
		8B69B245288F45EF00BA400C /* AppDelegate.swift */ = {isa = PBXFileReference; lastKnownFileType = sourcecode.swift; path = AppDelegate.swift; sourceTree = "<group>"; };
		8B69B249288F45EF00BA400C /* LoginViewController.swift */ = {isa = PBXFileReference; lastKnownFileType = sourcecode.swift; path = LoginViewController.swift; sourceTree = "<group>"; };
		8B69B24E288F45F000BA400C /* Assets.xcassets */ = {isa = PBXFileReference; lastKnownFileType = folder.assetcatalog; path = Assets.xcassets; sourceTree = "<group>"; };
		8B69B251288F45F000BA400C /* Base */ = {isa = PBXFileReference; lastKnownFileType = file.storyboard; name = Base; path = Base.lproj/LaunchScreen.storyboard; sourceTree = "<group>"; };
		8B69B253288F45F000BA400C /* Info.plist */ = {isa = PBXFileReference; lastKnownFileType = text.plist.xml; path = Info.plist; sourceTree = "<group>"; };
		8B69B25B288F495E00BA400C /* LoginView.swift */ = {isa = PBXFileReference; lastKnownFileType = sourcecode.swift; path = LoginView.swift; sourceTree = "<group>"; };
		8BE51F1628917EFA00CBFCA4 /* AccountSummaryViewController.swift */ = {isa = PBXFileReference; lastKnownFileType = sourcecode.swift; path = AccountSummaryViewController.swift; sourceTree = "<group>"; };
		8BE51F18289182C700CBFCA4 /* AccountSummaryHeaderView.swift */ = {isa = PBXFileReference; lastKnownFileType = sourcecode.swift; path = AccountSummaryHeaderView.swift; sourceTree = "<group>"; };
		8BE51F1A2891830B00CBFCA4 /* AccountSummaryHeaderView.xib */ = {isa = PBXFileReference; lastKnownFileType = file.xib; path = AccountSummaryHeaderView.xib; sourceTree = "<group>"; };
/* End PBXFileReference section */

/* Begin PBXFrameworksBuildPhase section */
		8B32E01D2892D44E00DAF5D9 /* Frameworks */ = {
			isa = PBXFrameworksBuildPhase;
			buildActionMask = 2147483647;
			files = (
			);
			runOnlyForDeploymentPostprocessing = 0;
		};
		8B69B23F288F45EF00BA400C /* Frameworks */ = {
			isa = PBXFrameworksBuildPhase;
			buildActionMask = 2147483647;
			files = (
			);
			runOnlyForDeploymentPostprocessing = 0;
		};
/* End PBXFrameworksBuildPhase section */

/* Begin PBXGroup section */
		8B0535B628902CD200226CEA /* Onboarding */ = {
			isa = PBXGroup;
			children = (
				8B0535B728902D0B00226CEA /* OnboardingContainerViewController.swift */,
				8B0535BF289037A900226CEA /* OnboardingViewController.swift */,
			);
			path = Onboarding;
			sourceTree = "<group>";
		};
		8B0535C3289081DB00226CEA /* Utils */ = {
			isa = PBXGroup;
			children = (
				8B0535C62890888300226CEA /* UIViewController+Utils.swift */,
				8B32E0182892C3E200DAF5D9 /* Decimal+Utils.swift */,
				8B32E02D2892E3EF00DAF5D9 /* UITextField+SecureToggle.swift */,
				8B0535C4289081E500226CEA /* LocalState.swift */,
				8B32E01A2892C44000DAF5D9 /* CurrencyFormatter.swift */,
				8B32E02B2892E20500DAF5D9 /* NSNotificationName.swift */,
			);
			path = Utils;
			sourceTree = "<group>";
		};
		8B32E01528918E4700DAF5D9 /* Cells */ = {
			isa = PBXGroup;
			children = (
				8B32E01628918E6A00DAF5D9 /* AccountSummaryCell.swift */,
			);
			path = Cells;
			sourceTree = "<group>";
		};
		8B32E0212892D44E00DAF5D9 /* BankeyUnitTests */ = {
			isa = PBXGroup;
			children = (
				8B32E0292892D4EE00DAF5D9 /* CurrencyFormaterTests.swift */,
			);
			path = BankeyUnitTests;
			sourceTree = "<group>";
		};
		8B69B239288F45EF00BA400C = {
			isa = PBXGroup;
			children = (
				8B69B244288F45EF00BA400C /* Bankey */,
				8B32E0212892D44E00DAF5D9 /* BankeyUnitTests */,
				8B69B243288F45EF00BA400C /* Products */,
			);
			sourceTree = "<group>";
		};
		8B69B243288F45EF00BA400C /* Products */ = {
			isa = PBXGroup;
			children = (
				8B69B242288F45EF00BA400C /* Bankey.app */,
				8B32E0202892D44E00DAF5D9 /* BankeyUnitTests.xctest */,
			);
			name = Products;
			sourceTree = "<group>";
		};
		8B69B244288F45EF00BA400C /* Bankey */ = {
			isa = PBXGroup;
			children = (
				8B69B245288F45EF00BA400C /* AppDelegate.swift */,
				8B0535C828908B3400226CEA /* MainViewController.swift */,
				8B69B25A288F48B800BA400C /* Login */,
				8B0535B628902CD200226CEA /* Onboarding */,
				8BE51F1428917EAD00CBFCA4 /* AccountSummary */,
				8B0535C3289081DB00226CEA /* Utils */,
				8B69B259288F488800BA400C /* Files */,
			);
			path = Bankey;
			sourceTree = "<group>";
		};
		8B69B259288F488800BA400C /* Files */ = {
			isa = PBXGroup;
			children = (
				8B69B24E288F45F000BA400C /* Assets.xcassets */,
				8B69B250288F45F000BA400C /* LaunchScreen.storyboard */,
				8B69B253288F45F000BA400C /* Info.plist */,
			);
			name = Files;
			sourceTree = "<group>";
		};
		8B69B25A288F48B800BA400C /* Login */ = {
			isa = PBXGroup;
			children = (
				8B69B249288F45EF00BA400C /* LoginViewController.swift */,
				8B69B25B288F495E00BA400C /* LoginView.swift */,
				8B0535C12890789A00226CEA /* DummyViewController.swift */,
			);
			path = Login;
			sourceTree = "<group>";
		};
		8BE51F1428917EAD00CBFCA4 /* AccountSummary */ = {
			isa = PBXGroup;
			children = (
				8BE51F1628917EFA00CBFCA4 /* AccountSummaryViewController.swift */,
				8BE51F1C28918DE500CBFCA4 /* Header */,
				8B32E01528918E4700DAF5D9 /* Cells */,
			);
			path = AccountSummary;
			sourceTree = "<group>";
		};
		8BE51F1C28918DE500CBFCA4 /* Header */ = {
			isa = PBXGroup;
			children = (
				8BE51F18289182C700CBFCA4 /* AccountSummaryHeaderView.swift */,
				8BE51F1A2891830B00CBFCA4 /* AccountSummaryHeaderView.xib */,
			);
			path = Header;
			sourceTree = "<group>";
		};
/* End PBXGroup section */

/* Begin PBXNativeTarget section */
		8B32E01F2892D44E00DAF5D9 /* BankeyUnitTests */ = {
			isa = PBXNativeTarget;
			buildConfigurationList = 8B32E0262892D44E00DAF5D9 /* Build configuration list for PBXNativeTarget "BankeyUnitTests" */;
			buildPhases = (
				8B32E01C2892D44E00DAF5D9 /* Sources */,
				8B32E01D2892D44E00DAF5D9 /* Frameworks */,
				8B32E01E2892D44E00DAF5D9 /* Resources */,
			);
			buildRules = (
			);
			dependencies = (
				8B32E0252892D44E00DAF5D9 /* PBXTargetDependency */,
			);
			name = BankeyUnitTests;
			productName = BankeyUnitTests;
			productReference = 8B32E0202892D44E00DAF5D9 /* BankeyUnitTests.xctest */;
			productType = "com.apple.product-type.bundle.unit-test";
		};
		8B69B241288F45EF00BA400C /* Bankey */ = {
			isa = PBXNativeTarget;
			buildConfigurationList = 8B69B256288F45F000BA400C /* Build configuration list for PBXNativeTarget "Bankey" */;
			buildPhases = (
				8B69B23E288F45EF00BA400C /* Sources */,
				8B69B23F288F45EF00BA400C /* Frameworks */,
				8B69B240288F45EF00BA400C /* Resources */,
			);
			buildRules = (
			);
			dependencies = (
			);
			name = Bankey;
			productName = Bankey;
			productReference = 8B69B242288F45EF00BA400C /* Bankey.app */;
			productType = "com.apple.product-type.application";
		};
/* End PBXNativeTarget section */

/* Begin PBXProject section */
		8B69B23A288F45EF00BA400C /* Project object */ = {
			isa = PBXProject;
			attributes = {
				BuildIndependentTargetsInParallel = 1;
				LastSwiftUpdateCheck = 1340;
				LastUpgradeCheck = 1340;
				TargetAttributes = {
					8B32E01F2892D44E00DAF5D9 = {
						CreatedOnToolsVersion = 13.4.1;
						LastSwiftMigration = 1340;
						TestTargetID = 8B69B241288F45EF00BA400C;
					};
					8B69B241288F45EF00BA400C = {
						CreatedOnToolsVersion = 13.4.1;
					};
				};
			};
			buildConfigurationList = 8B69B23D288F45EF00BA400C /* Build configuration list for PBXProject "Bankey" */;
			compatibilityVersion = "Xcode 13.0";
			developmentRegion = en;
			hasScannedForEncodings = 0;
			knownRegions = (
				en,
				Base,
			);
			mainGroup = 8B69B239288F45EF00BA400C;
			productRefGroup = 8B69B243288F45EF00BA400C /* Products */;
			projectDirPath = "";
			projectRoot = "";
			targets = (
				8B69B241288F45EF00BA400C /* Bankey */,
				8B32E01F2892D44E00DAF5D9 /* BankeyUnitTests */,
			);
		};
/* End PBXProject section */

/* Begin PBXResourcesBuildPhase section */
		8B32E01E2892D44E00DAF5D9 /* Resources */ = {
			isa = PBXResourcesBuildPhase;
			buildActionMask = 2147483647;
			files = (
			);
			runOnlyForDeploymentPostprocessing = 0;
		};
		8B69B240288F45EF00BA400C /* Resources */ = {
			isa = PBXResourcesBuildPhase;
			buildActionMask = 2147483647;
			files = (
				8BE51F1B2891830B00CBFCA4 /* AccountSummaryHeaderView.xib in Resources */,
				8B69B252288F45F000BA400C /* LaunchScreen.storyboard in Resources */,
				8B69B24F288F45F000BA400C /* Assets.xcassets in Resources */,
			);
			runOnlyForDeploymentPostprocessing = 0;
		};
/* End PBXResourcesBuildPhase section */

/* Begin PBXSourcesBuildPhase section */
		8B32E01C2892D44E00DAF5D9 /* Sources */ = {
			isa = PBXSourcesBuildPhase;
			buildActionMask = 2147483647;
			files = (
				8B32E02A2892D4EE00DAF5D9 /* CurrencyFormaterTests.swift in Sources */,
			);
			runOnlyForDeploymentPostprocessing = 0;
		};
		8B69B23E288F45EF00BA400C /* Sources */ = {
			isa = PBXSourcesBuildPhase;
			buildActionMask = 2147483647;
			files = (
				8B0535C72890888300226CEA /* UIViewController+Utils.swift in Sources */,
				8B69B25C288F495E00BA400C /* LoginView.swift in Sources */,
				8B0535C5289081E500226CEA /* LocalState.swift in Sources */,
				8B32E0192892C3E200DAF5D9 /* Decimal+Utils.swift in Sources */,
				8B32E02E2892E3EF00DAF5D9 /* UITextField+SecureToggle.swift in Sources */,
				8BE51F19289182C700CBFCA4 /* AccountSummaryHeaderView.swift in Sources */,
				8B32E01B2892C44000DAF5D9 /* CurrencyFormatter.swift in Sources */,
				8B0535C22890789A00226CEA /* DummyViewController.swift in Sources */,
				8B32E02C2892E20500DAF5D9 /* NSNotificationName.swift in Sources */,
				8B69B24A288F45EF00BA400C /* LoginViewController.swift in Sources */,
				8B32E01728918E6A00DAF5D9 /* AccountSummaryCell.swift in Sources */,
				8B0535C0289037A900226CEA /* OnboardingViewController.swift in Sources */,
				8B0535C928908B3400226CEA /* MainViewController.swift in Sources */,
				8BE51F1728917EFA00CBFCA4 /* AccountSummaryViewController.swift in Sources */,
				8B69B246288F45EF00BA400C /* AppDelegate.swift in Sources */,
				8B0535B828902D0B00226CEA /* OnboardingContainerViewController.swift in Sources */,
			);
			runOnlyForDeploymentPostprocessing = 0;
		};
/* End PBXSourcesBuildPhase section */

/* Begin PBXTargetDependency section */
		8B32E0252892D44E00DAF5D9 /* PBXTargetDependency */ = {
			isa = PBXTargetDependency;
			target = 8B69B241288F45EF00BA400C /* Bankey */;
			targetProxy = 8B32E0242892D44E00DAF5D9 /* PBXContainerItemProxy */;
		};
/* End PBXTargetDependency section */

/* Begin PBXVariantGroup section */
		8B69B250288F45F000BA400C /* LaunchScreen.storyboard */ = {
			isa = PBXVariantGroup;
			children = (
				8B69B251288F45F000BA400C /* Base */,
			);
			name = LaunchScreen.storyboard;
			sourceTree = "<group>";
		};
/* End PBXVariantGroup section */

/* Begin XCBuildConfiguration section */
		8B32E0272892D44E00DAF5D9 /* Debug */ = {
			isa = XCBuildConfiguration;
			buildSettings = {
				BUNDLE_LOADER = "$(TEST_HOST)";
				CLANG_ENABLE_MODULES = YES;
				CODE_SIGN_STYLE = Automatic;
				CURRENT_PROJECT_VERSION = 1;
				DEVELOPMENT_TEAM = PG3SA42QKT;
				GENERATE_INFOPLIST_FILE = YES;
				LD_RUNPATH_SEARCH_PATHS = (
					"$(inherited)",
					"@executable_path/Frameworks",
					"@loader_path/Frameworks",
				);
				MARKETING_VERSION = 1.0;
				PRODUCT_BUNDLE_IDENTIFIER = com.poddubotskiy.BankeyUnitTests;
				PRODUCT_NAME = "$(TARGET_NAME)";
				SWIFT_EMIT_LOC_STRINGS = NO;
				SWIFT_OPTIMIZATION_LEVEL = "-Onone";
				SWIFT_VERSION = 5.0;
				TARGETED_DEVICE_FAMILY = "1,2";
				TEST_HOST = "$(BUILT_PRODUCTS_DIR)/Bankey.app/Bankey";
			};
			name = Debug;
		};
		8B32E0282892D44E00DAF5D9 /* Release */ = {
			isa = XCBuildConfiguration;
			buildSettings = {
				BUNDLE_LOADER = "$(TEST_HOST)";
				CLANG_ENABLE_MODULES = YES;
				CODE_SIGN_STYLE = Automatic;
				CURRENT_PROJECT_VERSION = 1;
				DEVELOPMENT_TEAM = PG3SA42QKT;
				GENERATE_INFOPLIST_FILE = YES;
				LD_RUNPATH_SEARCH_PATHS = (
					"$(inherited)",
					"@executable_path/Frameworks",
					"@loader_path/Frameworks",
				);
				MARKETING_VERSION = 1.0;
				PRODUCT_BUNDLE_IDENTIFIER = com.poddubotskiy.BankeyUnitTests;
				PRODUCT_NAME = "$(TARGET_NAME)";
				SWIFT_EMIT_LOC_STRINGS = NO;
				SWIFT_VERSION = 5.0;
				TARGETED_DEVICE_FAMILY = "1,2";
				TEST_HOST = "$(BUILT_PRODUCTS_DIR)/Bankey.app/Bankey";
			};
			name = Release;
		};
		8B69B254288F45F000BA400C /* Debug */ = {
			isa = XCBuildConfiguration;
			buildSettings = {
				ALWAYS_SEARCH_USER_PATHS = NO;
				CLANG_ANALYZER_NONNULL = YES;
				CLANG_ANALYZER_NUMBER_OBJECT_CONVERSION = YES_AGGRESSIVE;
				CLANG_CXX_LANGUAGE_STANDARD = "gnu++17";
				CLANG_ENABLE_MODULES = YES;
				CLANG_ENABLE_OBJC_ARC = YES;
				CLANG_ENABLE_OBJC_WEAK = YES;
				CLANG_WARN_BLOCK_CAPTURE_AUTORELEASING = YES;
				CLANG_WARN_BOOL_CONVERSION = YES;
				CLANG_WARN_COMMA = YES;
				CLANG_WARN_CONSTANT_CONVERSION = YES;
				CLANG_WARN_DEPRECATED_OBJC_IMPLEMENTATIONS = YES;
				CLANG_WARN_DIRECT_OBJC_ISA_USAGE = YES_ERROR;
				CLANG_WARN_DOCUMENTATION_COMMENTS = YES;
				CLANG_WARN_EMPTY_BODY = YES;
				CLANG_WARN_ENUM_CONVERSION = YES;
				CLANG_WARN_INFINITE_RECURSION = YES;
				CLANG_WARN_INT_CONVERSION = YES;
				CLANG_WARN_NON_LITERAL_NULL_CONVERSION = YES;
				CLANG_WARN_OBJC_IMPLICIT_RETAIN_SELF = YES;
				CLANG_WARN_OBJC_LITERAL_CONVERSION = YES;
				CLANG_WARN_OBJC_ROOT_CLASS = YES_ERROR;
				CLANG_WARN_QUOTED_INCLUDE_IN_FRAMEWORK_HEADER = YES;
				CLANG_WARN_RANGE_LOOP_ANALYSIS = YES;
				CLANG_WARN_STRICT_PROTOTYPES = YES;
				CLANG_WARN_SUSPICIOUS_MOVE = YES;
				CLANG_WARN_UNGUARDED_AVAILABILITY = YES_AGGRESSIVE;
				CLANG_WARN_UNREACHABLE_CODE = YES;
				CLANG_WARN__DUPLICATE_METHOD_MATCH = YES;
				COPY_PHASE_STRIP = NO;
				DEBUG_INFORMATION_FORMAT = dwarf;
				ENABLE_STRICT_OBJC_MSGSEND = YES;
				ENABLE_TESTABILITY = YES;
				GCC_C_LANGUAGE_STANDARD = gnu11;
				GCC_DYNAMIC_NO_PIC = NO;
				GCC_NO_COMMON_BLOCKS = YES;
				GCC_OPTIMIZATION_LEVEL = 0;
				GCC_PREPROCESSOR_DEFINITIONS = (
					"DEBUG=1",
					"$(inherited)",
				);
				GCC_WARN_64_TO_32_BIT_CONVERSION = YES;
				GCC_WARN_ABOUT_RETURN_TYPE = YES_ERROR;
				GCC_WARN_UNDECLARED_SELECTOR = YES;
				GCC_WARN_UNINITIALIZED_AUTOS = YES_AGGRESSIVE;
				GCC_WARN_UNUSED_FUNCTION = YES;
				GCC_WARN_UNUSED_VARIABLE = YES;
				IPHONEOS_DEPLOYMENT_TARGET = 15.5;
				MTL_ENABLE_DEBUG_INFO = INCLUDE_SOURCE;
				MTL_FAST_MATH = YES;
				ONLY_ACTIVE_ARCH = YES;
				SDKROOT = iphoneos;
				SWIFT_ACTIVE_COMPILATION_CONDITIONS = DEBUG;
				SWIFT_OPTIMIZATION_LEVEL = "-Onone";
			};
			name = Debug;
		};
		8B69B255288F45F000BA400C /* Release */ = {
			isa = XCBuildConfiguration;
			buildSettings = {
				ALWAYS_SEARCH_USER_PATHS = NO;
				CLANG_ANALYZER_NONNULL = YES;
				CLANG_ANALYZER_NUMBER_OBJECT_CONVERSION = YES_AGGRESSIVE;
				CLANG_CXX_LANGUAGE_STANDARD = "gnu++17";
				CLANG_ENABLE_MODULES = YES;
				CLANG_ENABLE_OBJC_ARC = YES;
				CLANG_ENABLE_OBJC_WEAK = YES;
				CLANG_WARN_BLOCK_CAPTURE_AUTORELEASING = YES;
				CLANG_WARN_BOOL_CONVERSION = YES;
				CLANG_WARN_COMMA = YES;
				CLANG_WARN_CONSTANT_CONVERSION = YES;
				CLANG_WARN_DEPRECATED_OBJC_IMPLEMENTATIONS = YES;
				CLANG_WARN_DIRECT_OBJC_ISA_USAGE = YES_ERROR;
				CLANG_WARN_DOCUMENTATION_COMMENTS = YES;
				CLANG_WARN_EMPTY_BODY = YES;
				CLANG_WARN_ENUM_CONVERSION = YES;
				CLANG_WARN_INFINITE_RECURSION = YES;
				CLANG_WARN_INT_CONVERSION = YES;
				CLANG_WARN_NON_LITERAL_NULL_CONVERSION = YES;
				CLANG_WARN_OBJC_IMPLICIT_RETAIN_SELF = YES;
				CLANG_WARN_OBJC_LITERAL_CONVERSION = YES;
				CLANG_WARN_OBJC_ROOT_CLASS = YES_ERROR;
				CLANG_WARN_QUOTED_INCLUDE_IN_FRAMEWORK_HEADER = YES;
				CLANG_WARN_RANGE_LOOP_ANALYSIS = YES;
				CLANG_WARN_STRICT_PROTOTYPES = YES;
				CLANG_WARN_SUSPICIOUS_MOVE = YES;
				CLANG_WARN_UNGUARDED_AVAILABILITY = YES_AGGRESSIVE;
				CLANG_WARN_UNREACHABLE_CODE = YES;
				CLANG_WARN__DUPLICATE_METHOD_MATCH = YES;
				COPY_PHASE_STRIP = NO;
				DEBUG_INFORMATION_FORMAT = "dwarf-with-dsym";
				ENABLE_NS_ASSERTIONS = NO;
				ENABLE_STRICT_OBJC_MSGSEND = YES;
				GCC_C_LANGUAGE_STANDARD = gnu11;
				GCC_NO_COMMON_BLOCKS = YES;
				GCC_WARN_64_TO_32_BIT_CONVERSION = YES;
				GCC_WARN_ABOUT_RETURN_TYPE = YES_ERROR;
				GCC_WARN_UNDECLARED_SELECTOR = YES;
				GCC_WARN_UNINITIALIZED_AUTOS = YES_AGGRESSIVE;
				GCC_WARN_UNUSED_FUNCTION = YES;
				GCC_WARN_UNUSED_VARIABLE = YES;
				IPHONEOS_DEPLOYMENT_TARGET = 15.5;
				MTL_ENABLE_DEBUG_INFO = NO;
				MTL_FAST_MATH = YES;
				SDKROOT = iphoneos;
				SWIFT_COMPILATION_MODE = wholemodule;
				SWIFT_OPTIMIZATION_LEVEL = "-O";
				VALIDATE_PRODUCT = YES;
			};
			name = Release;
		};
		8B69B257288F45F000BA400C /* Debug */ = {
			isa = XCBuildConfiguration;
			buildSettings = {
				ASSETCATALOG_COMPILER_APPICON_NAME = AppIcon;
				ASSETCATALOG_COMPILER_GLOBAL_ACCENT_COLOR_NAME = AccentColor;
				CODE_SIGN_STYLE = Automatic;
				CURRENT_PROJECT_VERSION = 1;
				DEVELOPMENT_TEAM = PG3SA42QKT;
				GENERATE_INFOPLIST_FILE = YES;
				INFOPLIST_FILE = Bankey/Info.plist;
				INFOPLIST_KEY_UIApplicationSupportsIndirectInputEvents = YES;
				INFOPLIST_KEY_UILaunchStoryboardName = LaunchScreen;
				INFOPLIST_KEY_UISupportedInterfaceOrientations_iPad = "UIInterfaceOrientationPortrait UIInterfaceOrientationPortraitUpsideDown UIInterfaceOrientationLandscapeLeft UIInterfaceOrientationLandscapeRight";
				INFOPLIST_KEY_UISupportedInterfaceOrientations_iPhone = "UIInterfaceOrientationPortrait UIInterfaceOrientationLandscapeLeft UIInterfaceOrientationLandscapeRight";
				LD_RUNPATH_SEARCH_PATHS = (
					"$(inherited)",
					"@executable_path/Frameworks",
				);
				MARKETING_VERSION = 1.0;
				PRODUCT_BUNDLE_IDENTIFIER = com.poddubotskiy.Bankey;
				PRODUCT_NAME = "$(TARGET_NAME)";
				SWIFT_EMIT_LOC_STRINGS = YES;
				SWIFT_VERSION = 5.0;
				TARGETED_DEVICE_FAMILY = "1,2";
			};
			name = Debug;
		};
		8B69B258288F45F000BA400C /* Release */ = {
			isa = XCBuildConfiguration;
			buildSettings = {
				ASSETCATALOG_COMPILER_APPICON_NAME = AppIcon;
				ASSETCATALOG_COMPILER_GLOBAL_ACCENT_COLOR_NAME = AccentColor;
				CODE_SIGN_STYLE = Automatic;
				CURRENT_PROJECT_VERSION = 1;
				DEVELOPMENT_TEAM = PG3SA42QKT;
				GENERATE_INFOPLIST_FILE = YES;
				INFOPLIST_FILE = Bankey/Info.plist;
				INFOPLIST_KEY_UIApplicationSupportsIndirectInputEvents = YES;
				INFOPLIST_KEY_UILaunchStoryboardName = LaunchScreen;
				INFOPLIST_KEY_UISupportedInterfaceOrientations_iPad = "UIInterfaceOrientationPortrait UIInterfaceOrientationPortraitUpsideDown UIInterfaceOrientationLandscapeLeft UIInterfaceOrientationLandscapeRight";
				INFOPLIST_KEY_UISupportedInterfaceOrientations_iPhone = "UIInterfaceOrientationPortrait UIInterfaceOrientationLandscapeLeft UIInterfaceOrientationLandscapeRight";
				LD_RUNPATH_SEARCH_PATHS = (
					"$(inherited)",
					"@executable_path/Frameworks",
				);
				MARKETING_VERSION = 1.0;
				PRODUCT_BUNDLE_IDENTIFIER = com.poddubotskiy.Bankey;
				PRODUCT_NAME = "$(TARGET_NAME)";
				SWIFT_EMIT_LOC_STRINGS = YES;
				SWIFT_VERSION = 5.0;
				TARGETED_DEVICE_FAMILY = "1,2";
			};
			name = Release;
		};
/* End XCBuildConfiguration section */

/* Begin XCConfigurationList section */
		8B32E0262892D44E00DAF5D9 /* Build configuration list for PBXNativeTarget "BankeyUnitTests" */ = {
			isa = XCConfigurationList;
			buildConfigurations = (
				8B32E0272892D44E00DAF5D9 /* Debug */,
				8B32E0282892D44E00DAF5D9 /* Release */,
			);
			defaultConfigurationIsVisible = 0;
			defaultConfigurationName = Release;
		};
		8B69B23D288F45EF00BA400C /* Build configuration list for PBXProject "Bankey" */ = {
			isa = XCConfigurationList;
			buildConfigurations = (
				8B69B254288F45F000BA400C /* Debug */,
				8B69B255288F45F000BA400C /* Release */,
			);
			defaultConfigurationIsVisible = 0;
			defaultConfigurationName = Release;
		};
		8B69B256288F45F000BA400C /* Build configuration list for PBXNativeTarget "Bankey" */ = {
			isa = XCConfigurationList;
			buildConfigurations = (
				8B69B257288F45F000BA400C /* Debug */,
				8B69B258288F45F000BA400C /* Release */,
			);
			defaultConfigurationIsVisible = 0;
			defaultConfigurationName = Release;
		};
/* End XCConfigurationList section */
	};
	rootObject = 8B69B23A288F45EF00BA400C /* Project object */;
}
